
Microsoft Visual Studio Solution File, Format Version 12.00
# Visual Studio Version 16
VisualStudioVersion = 16.0.30804.86
MinimumVisualStudioVersion = 10.0.40219.1
Project("{9A19103F-16F7-4668-BE54-9A1E7A4F7556}") = "DataAccess", "DataAccess\DataAccess.csproj", "{B68DB063-3C3F-4600-AAB8-B3E722187CAD}"
EndProject
Project("{9A19103F-16F7-4668-BE54-9A1E7A4F7556}") = "Business", "Business\Business.csproj", "{69C1670E-D0C4-40E4-80DE-5EA6EA5CCA25}"
EndProject
Project("{9A19103F-16F7-4668-BE54-9A1E7A4F7556}") = "Entities", "Entities\Entities.csproj", "{C995A2A4-A9D8-460C-B31A-E277AE043367}"
EndProject
Project("{9A19103F-16F7-4668-BE54-9A1E7A4F7556}") = "ConsoleUI", "ConsoleUI\ConsoleUI.csproj", "{1DF1A673-9D69-4A1A-871E-7BB12D0B4446}"
EndProject
Project("{9A19103F-16F7-4668-BE54-9A1E7A4F7556}") = "Core", "Core\Core.csproj", "{F9CF3B76-63E6-4583-83B1-9BC1B0D335E4}"
EndProject
Project("{FAE04EC0-301F-11D3-BF4B-00C04F79EFBC}") = "WebAPI", "WebAPI\WebAPI.csproj", "{2DC60597-CB47-422C-86A7-45E76348E553}"
EndProject
Global
	GlobalSection(SolutionConfigurationPlatforms) = preSolution
		Debug|Any CPU = Debug|Any CPU
		Release|Any CPU = Release|Any CPU
	EndGlobalSection
	GlobalSection(ProjectConfigurationPlatforms) = postSolution
		{B68DB063-3C3F-4600-AAB8-B3E722187CAD}.Debug|Any CPU.ActiveCfg = Debug|Any CPU
		{B68DB063-3C3F-4600-AAB8-B3E722187CAD}.Debug|Any CPU.Build.0 = Debug|Any CPU
		{B68DB063-3C3F-4600-AAB8-B3E722187CAD}.Release|Any CPU.ActiveCfg = Release|Any CPU
		{B68DB063-3C3F-4600-AAB8-B3E722187CAD}.Release|Any CPU.Build.0 = Release|Any CPU
		{69C1670E-D0C4-40E4-80DE-5EA6EA5CCA25}.Debug|Any CPU.ActiveCfg = Debug|Any CPU
		{69C1670E-D0C4-40E4-80DE-5EA6EA5CCA25}.Debug|Any CPU.Build.0 = Debug|Any CPU
		{69C1670E-D0C4-40E4-80DE-5EA6EA5CCA25}.Release|Any CPU.ActiveCfg = Release|Any CPU
		{69C1670E-D0C4-40E4-80DE-5EA6EA5CCA25}.Release|Any CPU.Build.0 = Release|Any CPU
		{C995A2A4-A9D8-460C-B31A-E277AE043367}.Debug|Any CPU.ActiveCfg = Debug|Any CPU
		{C995A2A4-A9D8-460C-B31A-E277AE043367}.Debug|Any CPU.Build.0 = Debug|Any CPU
		{C995A2A4-A9D8-460C-B31A-E277AE043367}.Release|Any CPU.ActiveCfg = Release|Any CPU
		{C995A2A4-A9D8-460C-B31A-E277AE043367}.Release|Any CPU.Build.0 = Release|Any CPU
		{1DF1A673-9D69-4A1A-871E-7BB12D0B4446}.Debug|Any CPU.ActiveCfg = Debug|Any CPU
		{1DF1A673-9D69-4A1A-871E-7BB12D0B4446}.Debug|Any CPU.Build.0 = Debug|Any CPU
		{1DF1A673-9D69-4A1A-871E-7BB12D0B4446}.Release|Any CPU.ActiveCfg = Release|Any CPU
		{1DF1A673-9D69-4A1A-871E-7BB12D0B4446}.Release|Any CPU.Build.0 = Release|Any CPU
		{F9CF3B76-63E6-4583-83B1-9BC1B0D335E4}.Debug|Any CPU.ActiveCfg = Debug|Any CPU
		{F9CF3B76-63E6-4583-83B1-9BC1B0D335E4}.Debug|Any CPU.Build.0 = Debug|Any CPU
		{F9CF3B76-63E6-4583-83B1-9BC1B0D335E4}.Release|Any CPU.ActiveCfg = Release|Any CPU
		{F9CF3B76-63E6-4583-83B1-9BC1B0D335E4}.Release|Any CPU.Build.0 = Release|Any CPU
		{2DC60597-CB47-422C-86A7-45E76348E553}.Debug|Any CPU.ActiveCfg = Debug|Any CPU
		{2DC60597-CB47-422C-86A7-45E76348E553}.Debug|Any CPU.Build.0 = Debug|Any CPU
		{2DC60597-CB47-422C-86A7-45E76348E553}.Release|Any CPU.ActiveCfg = Release|Any CPU
		{2DC60597-CB47-422C-86A7-45E76348E553}.Release|Any CPU.Build.0 = Release|Any CPU
	EndGlobalSection
	GlobalSection(SolutionProperties) = preSolution
		HideSolutionNode = FALSE
	EndGlobalSection
	GlobalSection(ExtensibilityGlobals) = postSolution
		SolutionGuid = {5B20AA00-8527-44DD-B242-E47A1A7EAF42}
	EndGlobalSection
EndGlobal
